
Microsoft Visual Studio Solution File, Format Version 12.00
# Visual Studio Version 16
VisualStudioVersion = 16.0.30309.148
MinimumVisualStudioVersion = 10.0.40219.1
Project("{8BC9CEB8-8B4A-11D0-8D11-00A0C91BC942}") = "ConvexHull3D", "ConvexHull3D\ConvexHull3D.vcxproj", "{31029D33-4490-4CE0-AB92-CB48EEBA0854}"
EndProject
Project("{8BC9CEB8-8B4A-11D0-8D11-00A0C91BC942}") = "ConvexHull3DUnitTests", "ConvexHull3DUnitTests\ConvexHull3DUnitTests.vcxproj", "{2BE4E70E-BE04-493D-A429-7F7FE4446663}"
EndProject
Project("{8BC9CEB8-8B4A-11D0-8D11-00A0C91BC942}") = "Dx11Preview", "Dx11Preview\Dx11Preview.vcxproj", "{CE5FF144-4A9C-4DCF-8575-1D96B288B59D}"
EndProject
Global
	GlobalSection(SolutionConfigurationPlatforms) = preSolution
		Debug|x64 = Debug|x64
		Release|x64 = Release|x64
	EndGlobalSection
	GlobalSection(ProjectConfigurationPlatforms) = postSolution
		{31029D33-4490-4CE0-AB92-CB48EEBA0854}.Debug|x64.ActiveCfg = Debug|x64
		{31029D33-4490-4CE0-AB92-CB48EEBA0854}.Debug|x64.Build.0 = Debug|x64
		{31029D33-4490-4CE0-AB92-CB48EEBA0854}.Release|x64.ActiveCfg = Release|x64
		{31029D33-4490-4CE0-AB92-CB48EEBA0854}.Release|x64.Build.0 = Release|x64
		{2BE4E70E-BE04-493D-A429-7F7FE4446663}.Debug|x64.ActiveCfg = Debug|x64
		{2BE4E70E-BE04-493D-A429-7F7FE4446663}.Debug|x64.Build.0 = Debug|x64
		{2BE4E70E-BE04-493D-A429-7F7FE4446663}.Release|x64.ActiveCfg = Release|x64
		{2BE4E70E-BE04-493D-A429-7F7FE4446663}.Release|x64.Build.0 = Release|x64
		{CE5FF144-4A9C-4DCF-8575-1D96B288B59D}.Debug|x64.ActiveCfg = Debug|x64
		{CE5FF144-4A9C-4DCF-8575-1D96B288B59D}.Debug|x64.Build.0 = Debug|x64
		{CE5FF144-4A9C-4DCF-8575-1D96B288B59D}.Debug|x64.Deploy.0 = Debug|x64
		{CE5FF144-4A9C-4DCF-8575-1D96B288B59D}.Release|x64.ActiveCfg = Release|x64
		{CE5FF144-4A9C-4DCF-8575-1D96B288B59D}.Release|x64.Build.0 = Release|x64
		{CE5FF144-4A9C-4DCF-8575-1D96B288B59D}.Release|x64.Deploy.0 = Release|x64
	EndGlobalSection
	GlobalSection(SolutionProperties) = preSolution
		HideSolutionNode = FALSE
	EndGlobalSection
	GlobalSection(ExtensibilityGlobals) = postSolution
		SolutionGuid = {92E2A37A-13B4-4946-A075-B9B1F4944BF5}
	EndGlobalSection
EndGlobal
